
Microsoft Visual Studio Solution File, Format Version 12.00
# Visual Studio Version 17
VisualStudioVersion = 17.7.34018.315
MinimumVisualStudioVersion = 10.0.40219.1
Project("{FAE04EC0-301F-11D3-BF4B-00C04F79EFBC}") = "DIExample", "DIExample\DIExample.csproj", "{5A2DFAC0-B40F-48DD-A378-754920AB04F4}"
EndProject
Project("{FAE04EC0-301F-11D3-BF4B-00C04F79EFBC}") = "Services", "Services\Services.csproj", "{3433C2BA-6855-46A9-97A0-19C288EE7959}"
EndProject
Project("{FAE04EC0-301F-11D3-BF4B-00C04F79EFBC}") = "ServiceContracts", "ServiceContracts\ServiceContracts.csproj", "{EADED389-F686-43BF-B850-688FF4649B47}"
EndProject
Global
	GlobalSection(SolutionConfigurationPlatforms) = preSolution
		Debug|Any CPU = Debug|Any CPU
		Release|Any CPU = Release|Any CPU
	EndGlobalSection
	GlobalSection(ProjectConfigurationPlatforms) = postSolution
		{5A2DFAC0-B40F-48DD-A378-754920AB04F4}.Debug|Any CPU.ActiveCfg = Debug|Any CPU
		{5A2DFAC0-B40F-48DD-A378-754920AB04F4}.Debug|Any CPU.Build.0 = Debug|Any CPU
		{5A2DFAC0-B40F-48DD-A378-754920AB04F4}.Release|Any CPU.ActiveCfg = Release|Any CPU
		{5A2DFAC0-B40F-48DD-A378-754920AB04F4}.Release|Any CPU.Build.0 = Release|Any CPU
		{3433C2BA-6855-46A9-97A0-19C288EE7959}.Debug|Any CPU.ActiveCfg = Debug|Any CPU
		{3433C2BA-6855-46A9-97A0-19C288EE7959}.Debug|Any CPU.Build.0 = Debug|Any CPU
		{3433C2BA-6855-46A9-97A0-19C288EE7959}.Release|Any CPU.ActiveCfg = Release|Any CPU
		{3433C2BA-6855-46A9-97A0-19C288EE7959}.Release|Any CPU.Build.0 = Release|Any CPU
		{EADED389-F686-43BF-B850-688FF4649B47}.Debug|Any CPU.ActiveCfg = Debug|Any CPU
		{EADED389-F686-43BF-B850-688FF4649B47}.Debug|Any CPU.Build.0 = Debug|Any CPU
		{EADED389-F686-43BF-B850-688FF4649B47}.Release|Any CPU.ActiveCfg = Release|Any CPU
		{EADED389-F686-43BF-B850-688FF4649B47}.Release|Any CPU.Build.0 = Release|Any CPU
	EndGlobalSection
	GlobalSection(SolutionProperties) = preSolution
		HideSolutionNode = FALSE
	EndGlobalSection
	GlobalSection(ExtensibilityGlobals) = postSolution
		SolutionGuid = {886E64F9-5793-4ADD-989D-B60D93119327}
	EndGlobalSection
EndGlobal
