
Microsoft Visual Studio Solution File, Format Version 12.00
# Visual Studio Version 17
VisualStudioVersion = 17.6.33829.357
MinimumVisualStudioVersion = 10.0.40219.1
Project("{FAE04EC0-301F-11D3-BF4B-00C04F79EFBC}") = "Controllers_IActionResult", "Controllers_IActionResult\Controllers_IActionResult.csproj", "{9C200718-DB39-4012-9371-7887D7FCF5CB}"
EndProject
Global
	GlobalSection(SolutionConfigurationPlatforms) = preSolution
		Debug|Any CPU = Debug|Any CPU
		Release|Any CPU = Release|Any CPU
	EndGlobalSection
	GlobalSection(ProjectConfigurationPlatforms) = postSolution
		{9C200718-DB39-4012-9371-7887D7FCF5CB}.Debug|Any CPU.ActiveCfg = Debug|Any CPU
		{9C200718-DB39-4012-9371-7887D7FCF5CB}.Debug|Any CPU.Build.0 = Debug|Any CPU
		{9C200718-DB39-4012-9371-7887D7FCF5CB}.Release|Any CPU.ActiveCfg = Release|Any CPU
		{9C200718-DB39-4012-9371-7887D7FCF5CB}.Release|Any CPU.Build.0 = Release|Any CPU
	EndGlobalSection
	GlobalSection(SolutionProperties) = preSolution
		HideSolutionNode = FALSE
	EndGlobalSection
	GlobalSection(ExtensibilityGlobals) = postSolution
		SolutionGuid = {C90BEE35-D020-4417-9028-975D38577E16}
	EndGlobalSection
EndGlobal
