
Microsoft Visual Studio Solution File, Format Version 12.00
# Visual Studio Version 17
VisualStudioVersion = 17.6.33829.357
MinimumVisualStudioVersion = 10.0.40219.1
Project("{FAE04EC0-301F-11D3-BF4B-00C04F79EFBC}") = "Middleware", "Middleware\Middleware.csproj", "{3959ACE3-E370-48A3-9450-63F430D142A1}"
EndProject
Global
	GlobalSection(SolutionConfigurationPlatforms) = preSolution
		Debug|Any CPU = Debug|Any CPU
		Release|Any CPU = Release|Any CPU
	EndGlobalSection
	GlobalSection(ProjectConfigurationPlatforms) = postSolution
		{3959ACE3-E370-48A3-9450-63F430D142A1}.Debug|Any CPU.ActiveCfg = Debug|Any CPU
		{3959ACE3-E370-48A3-9450-63F430D142A1}.Debug|Any CPU.Build.0 = Debug|Any CPU
		{3959ACE3-E370-48A3-9450-63F430D142A1}.Release|Any CPU.ActiveCfg = Release|Any CPU
		{3959ACE3-E370-48A3-9450-63F430D142A1}.Release|Any CPU.Build.0 = Release|Any CPU
	EndGlobalSection
	GlobalSection(SolutionProperties) = preSolution
		HideSolutionNode = FALSE
	EndGlobalSection
	GlobalSection(ExtensibilityGlobals) = postSolution
		SolutionGuid = {24630BC2-E6DA-47ED-BCFB-9B024CB6A680}
	EndGlobalSection
EndGlobal
